// !$*UTF8*$!
{
	archiveVersion = 1;
	classes = {
	};
	objectVersion = 55;
	objects = {

/* Begin PBXBuildFile section */
		6B57B943286BDA730021F707 /* TabBarBootCamp.swift in Sources */ = {isa = PBXBuildFile; fileRef = 6B57B942286BDA730021F707 /* TabBarBootCamp.swift */; };
		6B57B945286BE09E0021F707 /* NavigationBootCamp.swift in Sources */ = {isa = PBXBuildFile; fileRef = 6B57B944286BE09E0021F707 /* NavigationBootCamp.swift */; };
		6B867F29286A927B005C90EA /* AnimationBootCamp.swift in Sources */ = {isa = PBXBuildFile; fileRef = 6B867F28286A927B005C90EA /* AnimationBootCamp.swift */; };
		6B867F2B286A9773005C90EA /* AnimationTimingsBootCamp.swift in Sources */ = {isa = PBXBuildFile; fileRef = 6B867F2A286A9773005C90EA /* AnimationTimingsBootCamp.swift */; };
		6B867F2D286AA1CF005C90EA /* TransitionBootCamp.swift in Sources */ = {isa = PBXBuildFile; fileRef = 6B867F2C286AA1CF005C90EA /* TransitionBootCamp.swift */; };
		6BA4A38F2866DADA003D281D /* HelloSwiftUIApp.swift in Sources */ = {isa = PBXBuildFile; fileRef = 6BA4A38E2866DADA003D281D /* HelloSwiftUIApp.swift */; };
		6BA4A3912866DADA003D281D /* ContentView.swift in Sources */ = {isa = PBXBuildFile; fileRef = 6BA4A3902866DADA003D281D /* ContentView.swift */; };
		6BA4A3932866DADB003D281D /* Assets.xcassets in Resources */ = {isa = PBXBuildFile; fileRef = 6BA4A3922866DADB003D281D /* Assets.xcassets */; };
		6BA4A3962866DADB003D281D /* Preview Assets.xcassets in Resources */ = {isa = PBXBuildFile; fileRef = 6BA4A3952866DADB003D281D /* Preview Assets.xcassets */; };
		6BA4A3A02866DADB003D281D /* HelloSwiftUITests.swift in Sources */ = {isa = PBXBuildFile; fileRef = 6BA4A39F2866DADB003D281D /* HelloSwiftUITests.swift */; };
		6BA4A3AA2866DADB003D281D /* HelloSwiftUIUITests.swift in Sources */ = {isa = PBXBuildFile; fileRef = 6BA4A3A92866DADB003D281D /* HelloSwiftUIUITests.swift */; };
		6BA4A3AC2866DADB003D281D /* HelloSwiftUIUITestsLaunchTests.swift in Sources */ = {isa = PBXBuildFile; fileRef = 6BA4A3AB2866DADB003D281D /* HelloSwiftUIUITestsLaunchTests.swift */; };
		6BA4A3B92866DCF1003D281D /* TextBootCamp.swift in Sources */ = {isa = PBXBuildFile; fileRef = 6BA4A3B82866DCF1003D281D /* TextBootCamp.swift */; };
		6BA4A3BB2866E69D003D281D /* ShapeBootCamp.swift in Sources */ = {isa = PBXBuildFile; fileRef = 6BA4A3BA2866E69D003D281D /* ShapeBootCamp.swift */; };
		6BA4A3BD2866EE66003D281D /* IconBootCamp.swift in Sources */ = {isa = PBXBuildFile; fileRef = 6BA4A3BC2866EE66003D281D /* IconBootCamp.swift */; };
		6BA4A3BF2866F3C1003D281D /* ImageBootCamp.swift in Sources */ = {isa = PBXBuildFile; fileRef = 6BA4A3BE2866F3C1003D281D /* ImageBootCamp.swift */; };
		6BA4A3C12866FCD7003D281D /* FrameBootCamp.swift in Sources */ = {isa = PBXBuildFile; fileRef = 6BA4A3C02866FCD7003D281D /* FrameBootCamp.swift */; };
		6BA4A3C3286706B7003D281D /* BackgroundOverlay.swift in Sources */ = {isa = PBXBuildFile; fileRef = 6BA4A3C2286706B7003D281D /* BackgroundOverlay.swift */; };
		6BA4A3C528671F80003D281D /* StacKBootCamp.swift in Sources */ = {isa = PBXBuildFile; fileRef = 6BA4A3C428671F80003D281D /* StacKBootCamp.swift */; };
		6BA4A3C7286727A8003D281D /* PaddingBootCamp.swift in Sources */ = {isa = PBXBuildFile; fileRef = 6BA4A3C6286727A8003D281D /* PaddingBootCamp.swift */; };
		6BA4A3C928672E41003D281D /* SpacerBootCamp.swift in Sources */ = {isa = PBXBuildFile; fileRef = 6BA4A3C828672E41003D281D /* SpacerBootCamp.swift */; };
		6BA4A3CB28699C27003D281D /* InitializerBootCamp.swift in Sources */ = {isa = PBXBuildFile; fileRef = 6BA4A3CA28699C27003D281D /* InitializerBootCamp.swift */; };
		6BA4A3CD2869A846003D281D /* LoopBootCamp.swift in Sources */ = {isa = PBXBuildFile; fileRef = 6BA4A3CC2869A846003D281D /* LoopBootCamp.swift */; };
		6BA4A3CF2869BB31003D281D /* ScrollViewBootCamp.swift in Sources */ = {isa = PBXBuildFile; fileRef = 6BA4A3CE2869BB31003D281D /* ScrollViewBootCamp.swift */; };
		6BA4A3D12869C4E5003D281D /* GridsBootCamp.swift in Sources */ = {isa = PBXBuildFile; fileRef = 6BA4A3D02869C4E5003D281D /* GridsBootCamp.swift */; };
		6BA4A3D32869DD1A003D281D /* SafeAreaBootCamp.swift in Sources */ = {isa = PBXBuildFile; fileRef = 6BA4A3D22869DD1A003D281D /* SafeAreaBootCamp.swift */; };
		6BA4A3D52869E4CC003D281D /* ButtonBootCamp.swift in Sources */ = {isa = PBXBuildFile; fileRef = 6BA4A3D42869E4CC003D281D /* ButtonBootCamp.swift */; };
		6BA4A3D72869FB67003D281D /* StateBootCamp.swift in Sources */ = {isa = PBXBuildFile; fileRef = 6BA4A3D62869FB67003D281D /* StateBootCamp.swift */; };
		6BA4A3D9286A1CA4003D281D /* BindingBootCamp.swift in Sources */ = {isa = PBXBuildFile; fileRef = 6BA4A3D8286A1CA4003D281D /* BindingBootCamp.swift */; };
/* End PBXBuildFile section */

/* Begin PBXContainerItemProxy section */
		6BA4A39C2866DADB003D281D /* PBXContainerItemProxy */ = {
			isa = PBXContainerItemProxy;
			containerPortal = 6BA4A3832866DADA003D281D /* Project object */;
			proxyType = 1;
			remoteGlobalIDString = 6BA4A38A2866DADA003D281D;
			remoteInfo = HelloSwiftUI;
		};
		6BA4A3A62866DADB003D281D /* PBXContainerItemProxy */ = {
			isa = PBXContainerItemProxy;
			containerPortal = 6BA4A3832866DADA003D281D /* Project object */;
			proxyType = 1;
			remoteGlobalIDString = 6BA4A38A2866DADA003D281D;
			remoteInfo = HelloSwiftUI;
		};
/* End PBXContainerItemProxy section */

/* Begin PBXFileReference section */
		6B57B942286BDA730021F707 /* TabBarBootCamp.swift */ = {isa = PBXFileReference; lastKnownFileType = sourcecode.swift; path = TabBarBootCamp.swift; sourceTree = "<group>"; };
		6B57B944286BE09E0021F707 /* NavigationBootCamp.swift */ = {isa = PBXFileReference; lastKnownFileType = sourcecode.swift; path = NavigationBootCamp.swift; sourceTree = "<group>"; };
		6B867F28286A927B005C90EA /* AnimationBootCamp.swift */ = {isa = PBXFileReference; lastKnownFileType = sourcecode.swift; path = AnimationBootCamp.swift; sourceTree = "<group>"; };
		6B867F2A286A9773005C90EA /* AnimationTimingsBootCamp.swift */ = {isa = PBXFileReference; lastKnownFileType = sourcecode.swift; path = AnimationTimingsBootCamp.swift; sourceTree = "<group>"; };
		6B867F2C286AA1CF005C90EA /* TransitionBootCamp.swift */ = {isa = PBXFileReference; lastKnownFileType = sourcecode.swift; path = TransitionBootCamp.swift; sourceTree = "<group>"; };
		6BA4A38B2866DADA003D281D /* HelloSwiftUI.app */ = {isa = PBXFileReference; explicitFileType = wrapper.application; includeInIndex = 0; path = HelloSwiftUI.app; sourceTree = BUILT_PRODUCTS_DIR; };
		6BA4A38E2866DADA003D281D /* HelloSwiftUIApp.swift */ = {isa = PBXFileReference; lastKnownFileType = sourcecode.swift; path = HelloSwiftUIApp.swift; sourceTree = "<group>"; };
		6BA4A3902866DADA003D281D /* ContentView.swift */ = {isa = PBXFileReference; lastKnownFileType = sourcecode.swift; path = ContentView.swift; sourceTree = "<group>"; };
		6BA4A3922866DADB003D281D /* Assets.xcassets */ = {isa = PBXFileReference; lastKnownFileType = folder.assetcatalog; path = Assets.xcassets; sourceTree = "<group>"; };
		6BA4A3952866DADB003D281D /* Preview Assets.xcassets */ = {isa = PBXFileReference; lastKnownFileType = folder.assetcatalog; path = "Preview Assets.xcassets"; sourceTree = "<group>"; };
		6BA4A39B2866DADB003D281D /* HelloSwiftUITests.xctest */ = {isa = PBXFileReference; explicitFileType = wrapper.cfbundle; includeInIndex = 0; path = HelloSwiftUITests.xctest; sourceTree = BUILT_PRODUCTS_DIR; };
		6BA4A39F2866DADB003D281D /* HelloSwiftUITests.swift */ = {isa = PBXFileReference; lastKnownFileType = sourcecode.swift; path = HelloSwiftUITests.swift; sourceTree = "<group>"; };
		6BA4A3A52866DADB003D281D /* HelloSwiftUIUITests.xctest */ = {isa = PBXFileReference; explicitFileType = wrapper.cfbundle; includeInIndex = 0; path = HelloSwiftUIUITests.xctest; sourceTree = BUILT_PRODUCTS_DIR; };
		6BA4A3A92866DADB003D281D /* HelloSwiftUIUITests.swift */ = {isa = PBXFileReference; lastKnownFileType = sourcecode.swift; path = HelloSwiftUIUITests.swift; sourceTree = "<group>"; };
		6BA4A3AB2866DADB003D281D /* HelloSwiftUIUITestsLaunchTests.swift */ = {isa = PBXFileReference; lastKnownFileType = sourcecode.swift; path = HelloSwiftUIUITestsLaunchTests.swift; sourceTree = "<group>"; };
		6BA4A3B82866DCF1003D281D /* TextBootCamp.swift */ = {isa = PBXFileReference; lastKnownFileType = sourcecode.swift; path = TextBootCamp.swift; sourceTree = "<group>"; };
		6BA4A3BA2866E69D003D281D /* ShapeBootCamp.swift */ = {isa = PBXFileReference; lastKnownFileType = sourcecode.swift; path = ShapeBootCamp.swift; sourceTree = "<group>"; };
		6BA4A3BC2866EE66003D281D /* IconBootCamp.swift */ = {isa = PBXFileReference; lastKnownFileType = sourcecode.swift; path = IconBootCamp.swift; sourceTree = "<group>"; };
		6BA4A3BE2866F3C1003D281D /* ImageBootCamp.swift */ = {isa = PBXFileReference; lastKnownFileType = sourcecode.swift; path = ImageBootCamp.swift; sourceTree = "<group>"; };
		6BA4A3C02866FCD7003D281D /* FrameBootCamp.swift */ = {isa = PBXFileReference; lastKnownFileType = sourcecode.swift; path = FrameBootCamp.swift; sourceTree = "<group>"; };
		6BA4A3C2286706B7003D281D /* BackgroundOverlay.swift */ = {isa = PBXFileReference; lastKnownFileType = sourcecode.swift; path = BackgroundOverlay.swift; sourceTree = "<group>"; };
		6BA4A3C428671F80003D281D /* StacKBootCamp.swift */ = {isa = PBXFileReference; lastKnownFileType = sourcecode.swift; path = StacKBootCamp.swift; sourceTree = "<group>"; };
		6BA4A3C6286727A8003D281D /* PaddingBootCamp.swift */ = {isa = PBXFileReference; lastKnownFileType = sourcecode.swift; path = PaddingBootCamp.swift; sourceTree = "<group>"; };
		6BA4A3C828672E41003D281D /* SpacerBootCamp.swift */ = {isa = PBXFileReference; lastKnownFileType = sourcecode.swift; path = SpacerBootCamp.swift; sourceTree = "<group>"; };
		6BA4A3CA28699C27003D281D /* InitializerBootCamp.swift */ = {isa = PBXFileReference; lastKnownFileType = sourcecode.swift; path = InitializerBootCamp.swift; sourceTree = "<group>"; };
		6BA4A3CC2869A846003D281D /* LoopBootCamp.swift */ = {isa = PBXFileReference; lastKnownFileType = sourcecode.swift; path = LoopBootCamp.swift; sourceTree = "<group>"; };
		6BA4A3CE2869BB31003D281D /* ScrollViewBootCamp.swift */ = {isa = PBXFileReference; lastKnownFileType = sourcecode.swift; path = ScrollViewBootCamp.swift; sourceTree = "<group>"; };
		6BA4A3D02869C4E5003D281D /* GridsBootCamp.swift */ = {isa = PBXFileReference; lastKnownFileType = sourcecode.swift; path = GridsBootCamp.swift; sourceTree = "<group>"; };
		6BA4A3D22869DD1A003D281D /* SafeAreaBootCamp.swift */ = {isa = PBXFileReference; lastKnownFileType = sourcecode.swift; path = SafeAreaBootCamp.swift; sourceTree = "<group>"; };
		6BA4A3D42869E4CC003D281D /* ButtonBootCamp.swift */ = {isa = PBXFileReference; lastKnownFileType = sourcecode.swift; path = ButtonBootCamp.swift; sourceTree = "<group>"; };
		6BA4A3D62869FB67003D281D /* StateBootCamp.swift */ = {isa = PBXFileReference; lastKnownFileType = sourcecode.swift; path = StateBootCamp.swift; sourceTree = "<group>"; };
		6BA4A3D8286A1CA4003D281D /* BindingBootCamp.swift */ = {isa = PBXFileReference; lastKnownFileType = sourcecode.swift; path = BindingBootCamp.swift; sourceTree = "<group>"; };
/* End PBXFileReference section */

/* Begin PBXFrameworksBuildPhase section */
		6BA4A3882866DADA003D281D /* Frameworks */ = {
			isa = PBXFrameworksBuildPhase;
			buildActionMask = 2147483647;
			files = (
			);
			runOnlyForDeploymentPostprocessing = 0;
		};
		6BA4A3982866DADB003D281D /* Frameworks */ = {
			isa = PBXFrameworksBuildPhase;
			buildActionMask = 2147483647;
			files = (
			);
			runOnlyForDeploymentPostprocessing = 0;
		};
		6BA4A3A22866DADB003D281D /* Frameworks */ = {
			isa = PBXFrameworksBuildPhase;
			buildActionMask = 2147483647;
			files = (
			);
			runOnlyForDeploymentPostprocessing = 0;
		};
/* End PBXFrameworksBuildPhase section */

/* Begin PBXGroup section */
		6BA4A3822866DADA003D281D = {
			isa = PBXGroup;
			children = (
				6BA4A38D2866DADA003D281D /* HelloSwiftUI */,
				6BA4A39E2866DADB003D281D /* HelloSwiftUITests */,
				6BA4A3A82866DADB003D281D /* HelloSwiftUIUITests */,
				6BA4A38C2866DADA003D281D /* Products */,
			);
			sourceTree = "<group>";
		};
		6BA4A38C2866DADA003D281D /* Products */ = {
			isa = PBXGroup;
			children = (
				6BA4A38B2866DADA003D281D /* HelloSwiftUI.app */,
				6BA4A39B2866DADB003D281D /* HelloSwiftUITests.xctest */,
				6BA4A3A52866DADB003D281D /* HelloSwiftUIUITests.xctest */,
			);
			name = Products;
			sourceTree = "<group>";
		};
		6BA4A38D2866DADA003D281D /* HelloSwiftUI */ = {
			isa = PBXGroup;
			children = (
				6BA4A3B82866DCF1003D281D /* TextBootCamp.swift */,
				6BA4A3D02869C4E5003D281D /* GridsBootCamp.swift */,
				6BA4A3CE2869BB31003D281D /* ScrollViewBootCamp.swift */,
				6BA4A3CC2869A846003D281D /* LoopBootCamp.swift */,
				6BA4A38E2866DADA003D281D /* HelloSwiftUIApp.swift */,
				6BA4A3902866DADA003D281D /* ContentView.swift */,
				6BA4A3922866DADB003D281D /* Assets.xcassets */,
				6BA4A3942866DADB003D281D /* Preview Content */,
				6BA4A3BA2866E69D003D281D /* ShapeBootCamp.swift */,
				6BA4A3BC2866EE66003D281D /* IconBootCamp.swift */,
				6BA4A3BE2866F3C1003D281D /* ImageBootCamp.swift */,
				6BA4A3C02866FCD7003D281D /* FrameBootCamp.swift */,
				6BA4A3C2286706B7003D281D /* BackgroundOverlay.swift */,
				6BA4A3C428671F80003D281D /* StacKBootCamp.swift */,
				6BA4A3C6286727A8003D281D /* PaddingBootCamp.swift */,
				6BA4A3C828672E41003D281D /* SpacerBootCamp.swift */,
				6BA4A3CA28699C27003D281D /* InitializerBootCamp.swift */,
				6BA4A3D22869DD1A003D281D /* SafeAreaBootCamp.swift */,
				6BA4A3D42869E4CC003D281D /* ButtonBootCamp.swift */,
				6BA4A3D62869FB67003D281D /* StateBootCamp.swift */,
				6BA4A3D8286A1CA4003D281D /* BindingBootCamp.swift */,
				6B867F28286A927B005C90EA /* AnimationBootCamp.swift */,
				6B867F2A286A9773005C90EA /* AnimationTimingsBootCamp.swift */,
				6B867F2C286AA1CF005C90EA /* TransitionBootCamp.swift */,
				6B57B942286BDA730021F707 /* TabBarBootCamp.swift */,
				6B57B944286BE09E0021F707 /* NavigationBootCamp.swift */,
			);
			path = HelloSwiftUI;
			sourceTree = "<group>";
		};
		6BA4A3942866DADB003D281D /* Preview Content */ = {
			isa = PBXGroup;
			children = (
				6BA4A3952866DADB003D281D /* Preview Assets.xcassets */,
			);
			path = "Preview Content";
			sourceTree = "<group>";
		};
		6BA4A39E2866DADB003D281D /* HelloSwiftUITests */ = {
			isa = PBXGroup;
			children = (
				6BA4A39F2866DADB003D281D /* HelloSwiftUITests.swift */,
			);
			path = HelloSwiftUITests;
			sourceTree = "<group>";
		};
		6BA4A3A82866DADB003D281D /* HelloSwiftUIUITests */ = {
			isa = PBXGroup;
			children = (
				6BA4A3A92866DADB003D281D /* HelloSwiftUIUITests.swift */,
				6BA4A3AB2866DADB003D281D /* HelloSwiftUIUITestsLaunchTests.swift */,
			);
			path = HelloSwiftUIUITests;
			sourceTree = "<group>";
		};
/* End PBXGroup section */

/* Begin PBXNativeTarget section */
		6BA4A38A2866DADA003D281D /* HelloSwiftUI */ = {
			isa = PBXNativeTarget;
			buildConfigurationList = 6BA4A3AF2866DADB003D281D /* Build configuration list for PBXNativeTarget "HelloSwiftUI" */;
			buildPhases = (
				6BA4A3872866DADA003D281D /* Sources */,
				6BA4A3882866DADA003D281D /* Frameworks */,
				6BA4A3892866DADA003D281D /* Resources */,
			);
			buildRules = (
			);
			dependencies = (
			);
			name = HelloSwiftUI;
			productName = HelloSwiftUI;
			productReference = 6BA4A38B2866DADA003D281D /* HelloSwiftUI.app */;
			productType = "com.apple.product-type.application";
		};
		6BA4A39A2866DADB003D281D /* HelloSwiftUITests */ = {
			isa = PBXNativeTarget;
			buildConfigurationList = 6BA4A3B22866DADB003D281D /* Build configuration list for PBXNativeTarget "HelloSwiftUITests" */;
			buildPhases = (
				6BA4A3972866DADB003D281D /* Sources */,
				6BA4A3982866DADB003D281D /* Frameworks */,
				6BA4A3992866DADB003D281D /* Resources */,
			);
			buildRules = (
			);
			dependencies = (
				6BA4A39D2866DADB003D281D /* PBXTargetDependency */,
			);
			name = HelloSwiftUITests;
			productName = HelloSwiftUITests;
			productReference = 6BA4A39B2866DADB003D281D /* HelloSwiftUITests.xctest */;
			productType = "com.apple.product-type.bundle.unit-test";
		};
		6BA4A3A42866DADB003D281D /* HelloSwiftUIUITests */ = {
			isa = PBXNativeTarget;
			buildConfigurationList = 6BA4A3B52866DADB003D281D /* Build configuration list for PBXNativeTarget "HelloSwiftUIUITests" */;
			buildPhases = (
				6BA4A3A12866DADB003D281D /* Sources */,
				6BA4A3A22866DADB003D281D /* Frameworks */,
				6BA4A3A32866DADB003D281D /* Resources */,
			);
			buildRules = (
			);
			dependencies = (
				6BA4A3A72866DADB003D281D /* PBXTargetDependency */,
			);
			name = HelloSwiftUIUITests;
			productName = HelloSwiftUIUITests;
			productReference = 6BA4A3A52866DADB003D281D /* HelloSwiftUIUITests.xctest */;
			productType = "com.apple.product-type.bundle.ui-testing";
		};
/* End PBXNativeTarget section */

/* Begin PBXProject section */
		6BA4A3832866DADA003D281D /* Project object */ = {
			isa = PBXProject;
			attributes = {
				BuildIndependentTargetsInParallel = 1;
				LastSwiftUpdateCheck = 1310;
				LastUpgradeCheck = 1310;
				TargetAttributes = {
					6BA4A38A2866DADA003D281D = {
						CreatedOnToolsVersion = 13.1;
					};
					6BA4A39A2866DADB003D281D = {
						CreatedOnToolsVersion = 13.1;
						TestTargetID = 6BA4A38A2866DADA003D281D;
					};
					6BA4A3A42866DADB003D281D = {
						CreatedOnToolsVersion = 13.1;
						TestTargetID = 6BA4A38A2866DADA003D281D;
					};
				};
			};
			buildConfigurationList = 6BA4A3862866DADA003D281D /* Build configuration list for PBXProject "HelloSwiftUI" */;
			compatibilityVersion = "Xcode 13.0";
			developmentRegion = en;
			hasScannedForEncodings = 0;
			knownRegions = (
				en,
				Base,
			);
			mainGroup = 6BA4A3822866DADA003D281D;
			productRefGroup = 6BA4A38C2866DADA003D281D /* Products */;
			projectDirPath = "";
			projectRoot = "";
			targets = (
				6BA4A38A2866DADA003D281D /* HelloSwiftUI */,
				6BA4A39A2866DADB003D281D /* HelloSwiftUITests */,
				6BA4A3A42866DADB003D281D /* HelloSwiftUIUITests */,
			);
		};
/* End PBXProject section */

/* Begin PBXResourcesBuildPhase section */
		6BA4A3892866DADA003D281D /* Resources */ = {
			isa = PBXResourcesBuildPhase;
			buildActionMask = 2147483647;
			files = (
				6BA4A3962866DADB003D281D /* Preview Assets.xcassets in Resources */,
				6BA4A3932866DADB003D281D /* Assets.xcassets in Resources */,
			);
			runOnlyForDeploymentPostprocessing = 0;
		};
		6BA4A3992866DADB003D281D /* Resources */ = {
			isa = PBXResourcesBuildPhase;
			buildActionMask = 2147483647;
			files = (
			);
			runOnlyForDeploymentPostprocessing = 0;
		};
		6BA4A3A32866DADB003D281D /* Resources */ = {
			isa = PBXResourcesBuildPhase;
			buildActionMask = 2147483647;
			files = (
			);
			runOnlyForDeploymentPostprocessing = 0;
		};
/* End PBXResourcesBuildPhase section */

/* Begin PBXSourcesBuildPhase section */
		6BA4A3872866DADA003D281D /* Sources */ = {
			isa = PBXSourcesBuildPhase;
			buildActionMask = 2147483647;
			files = (
				6BA4A3D9286A1CA4003D281D /* BindingBootCamp.swift in Sources */,
				6BA4A3D52869E4CC003D281D /* ButtonBootCamp.swift in Sources */,
				6BA4A3C7286727A8003D281D /* PaddingBootCamp.swift in Sources */,
				6BA4A3CD2869A846003D281D /* LoopBootCamp.swift in Sources */,
				6BA4A3BF2866F3C1003D281D /* ImageBootCamp.swift in Sources */,
				6BA4A3D72869FB67003D281D /* StateBootCamp.swift in Sources */,
				6BA4A3C12866FCD7003D281D /* FrameBootCamp.swift in Sources */,
				6B867F29286A927B005C90EA /* AnimationBootCamp.swift in Sources */,
				6B57B945286BE09E0021F707 /* NavigationBootCamp.swift in Sources */,
				6BA4A3CF2869BB31003D281D /* ScrollViewBootCamp.swift in Sources */,
				6BA4A3D12869C4E5003D281D /* GridsBootCamp.swift in Sources */,
				6BA4A3BB2866E69D003D281D /* ShapeBootCamp.swift in Sources */,
				6B57B943286BDA730021F707 /* TabBarBootCamp.swift in Sources */,
				6B867F2D286AA1CF005C90EA /* TransitionBootCamp.swift in Sources */,
				6BA4A3912866DADA003D281D /* ContentView.swift in Sources */,
				6B867F2B286A9773005C90EA /* AnimationTimingsBootCamp.swift in Sources */,
				6BA4A3CB28699C27003D281D /* InitializerBootCamp.swift in Sources */,
				6BA4A3C3286706B7003D281D /* BackgroundOverlay.swift in Sources */,
				6BA4A3C928672E41003D281D /* SpacerBootCamp.swift in Sources */,
				6BA4A3BD2866EE66003D281D /* IconBootCamp.swift in Sources */,
				6BA4A38F2866DADA003D281D /* HelloSwiftUIApp.swift in Sources */,
				6BA4A3B92866DCF1003D281D /* TextBootCamp.swift in Sources */,
				6BA4A3D32869DD1A003D281D /* SafeAreaBootCamp.swift in Sources */,
				6BA4A3C528671F80003D281D /* StacKBootCamp.swift in Sources */,
			);
			runOnlyForDeploymentPostprocessing = 0;
		};
		6BA4A3972866DADB003D281D /* Sources */ = {
			isa = PBXSourcesBuildPhase;
			buildActionMask = 2147483647;
			files = (
				6BA4A3A02866DADB003D281D /* HelloSwiftUITests.swift in Sources */,
			);
			runOnlyForDeploymentPostprocessing = 0;
		};
		6BA4A3A12866DADB003D281D /* Sources */ = {
			isa = PBXSourcesBuildPhase;
			buildActionMask = 2147483647;
			files = (
				6BA4A3AA2866DADB003D281D /* HelloSwiftUIUITests.swift in Sources */,
				6BA4A3AC2866DADB003D281D /* HelloSwiftUIUITestsLaunchTests.swift in Sources */,
			);
			runOnlyForDeploymentPostprocessing = 0;
		};
/* End PBXSourcesBuildPhase section */

/* Begin PBXTargetDependency section */
		6BA4A39D2866DADB003D281D /* PBXTargetDependency */ = {
			isa = PBXTargetDependency;
			target = 6BA4A38A2866DADA003D281D /* HelloSwiftUI */;
			targetProxy = 6BA4A39C2866DADB003D281D /* PBXContainerItemProxy */;
		};
		6BA4A3A72866DADB003D281D /* PBXTargetDependency */ = {
			isa = PBXTargetDependency;
			target = 6BA4A38A2866DADA003D281D /* HelloSwiftUI */;
			targetProxy = 6BA4A3A62866DADB003D281D /* PBXContainerItemProxy */;
		};
/* End PBXTargetDependency section */

/* Begin XCBuildConfiguration section */
		6BA4A3AD2866DADB003D281D /* Debug */ = {
			isa = XCBuildConfiguration;
			buildSettings = {
				ALWAYS_SEARCH_USER_PATHS = NO;
				CLANG_ANALYZER_NONNULL = YES;
				CLANG_ANALYZER_NUMBER_OBJECT_CONVERSION = YES_AGGRESSIVE;
				CLANG_CXX_LANGUAGE_STANDARD = "gnu++17";
				CLANG_CXX_LIBRARY = "libc++";
				CLANG_ENABLE_MODULES = YES;
				CLANG_ENABLE_OBJC_ARC = YES;
				CLANG_ENABLE_OBJC_WEAK = YES;
				CLANG_WARN_BLOCK_CAPTURE_AUTORELEASING = YES;
				CLANG_WARN_BOOL_CONVERSION = YES;
				CLANG_WARN_COMMA = YES;
				CLANG_WARN_CONSTANT_CONVERSION = YES;
				CLANG_WARN_DEPRECATED_OBJC_IMPLEMENTATIONS = YES;
				CLANG_WARN_DIRECT_OBJC_ISA_USAGE = YES_ERROR;
				CLANG_WARN_DOCUMENTATION_COMMENTS = YES;
				CLANG_WARN_EMPTY_BODY = YES;
				CLANG_WARN_ENUM_CONVERSION = YES;
				CLANG_WARN_INFINITE_RECURSION = YES;
				CLANG_WARN_INT_CONVERSION = YES;
				CLANG_WARN_NON_LITERAL_NULL_CONVERSION = YES;
				CLANG_WARN_OBJC_IMPLICIT_RETAIN_SELF = YES;
				CLANG_WARN_OBJC_LITERAL_CONVERSION = YES;
				CLANG_WARN_OBJC_ROOT_CLASS = YES_ERROR;
				CLANG_WARN_QUOTED_INCLUDE_IN_FRAMEWORK_HEADER = YES;
				CLANG_WARN_RANGE_LOOP_ANALYSIS = YES;
				CLANG_WARN_STRICT_PROTOTYPES = YES;
				CLANG_WARN_SUSPICIOUS_MOVE = YES;
				CLANG_WARN_UNGUARDED_AVAILABILITY = YES_AGGRESSIVE;
				CLANG_WARN_UNREACHABLE_CODE = YES;
				CLANG_WARN__DUPLICATE_METHOD_MATCH = YES;
				COPY_PHASE_STRIP = NO;
				DEBUG_INFORMATION_FORMAT = dwarf;
				ENABLE_STRICT_OBJC_MSGSEND = YES;
				ENABLE_TESTABILITY = YES;
				GCC_C_LANGUAGE_STANDARD = gnu11;
				GCC_DYNAMIC_NO_PIC = NO;
				GCC_NO_COMMON_BLOCKS = YES;
				GCC_OPTIMIZATION_LEVEL = 0;
				GCC_PREPROCESSOR_DEFINITIONS = (
					"DEBUG=1",
					"$(inherited)",
				);
				GCC_WARN_64_TO_32_BIT_CONVERSION = YES;
				GCC_WARN_ABOUT_RETURN_TYPE = YES_ERROR;
				GCC_WARN_UNDECLARED_SELECTOR = YES;
				GCC_WARN_UNINITIALIZED_AUTOS = YES_AGGRESSIVE;
				GCC_WARN_UNUSED_FUNCTION = YES;
				GCC_WARN_UNUSED_VARIABLE = YES;
				IPHONEOS_DEPLOYMENT_TARGET = 15.0;
				MTL_ENABLE_DEBUG_INFO = INCLUDE_SOURCE;
				MTL_FAST_MATH = YES;
				ONLY_ACTIVE_ARCH = YES;
				SDKROOT = iphoneos;
				SWIFT_ACTIVE_COMPILATION_CONDITIONS = DEBUG;
				SWIFT_OPTIMIZATION_LEVEL = "-Onone";
			};
			name = Debug;
		};
		6BA4A3AE2866DADB003D281D /* Release */ = {
			isa = XCBuildConfiguration;
			buildSettings = {
				ALWAYS_SEARCH_USER_PATHS = NO;
				CLANG_ANALYZER_NONNULL = YES;
				CLANG_ANALYZER_NUMBER_OBJECT_CONVERSION = YES_AGGRESSIVE;
				CLANG_CXX_LANGUAGE_STANDARD = "gnu++17";
				CLANG_CXX_LIBRARY = "libc++";
				CLANG_ENABLE_MODULES = YES;
				CLANG_ENABLE_OBJC_ARC = YES;
				CLANG_ENABLE_OBJC_WEAK = YES;
				CLANG_WARN_BLOCK_CAPTURE_AUTORELEASING = YES;
				CLANG_WARN_BOOL_CONVERSION = YES;
				CLANG_WARN_COMMA = YES;
				CLANG_WARN_CONSTANT_CONVERSION = YES;
				CLANG_WARN_DEPRECATED_OBJC_IMPLEMENTATIONS = YES;
				CLANG_WARN_DIRECT_OBJC_ISA_USAGE = YES_ERROR;
				CLANG_WARN_DOCUMENTATION_COMMENTS = YES;
				CLANG_WARN_EMPTY_BODY = YES;
				CLANG_WARN_ENUM_CONVERSION = YES;
				CLANG_WARN_INFINITE_RECURSION = YES;
				CLANG_WARN_INT_CONVERSION = YES;
				CLANG_WARN_NON_LITERAL_NULL_CONVERSION = YES;
				CLANG_WARN_OBJC_IMPLICIT_RETAIN_SELF = YES;
				CLANG_WARN_OBJC_LITERAL_CONVERSION = YES;
				CLANG_WARN_OBJC_ROOT_CLASS = YES_ERROR;
				CLANG_WARN_QUOTED_INCLUDE_IN_FRAMEWORK_HEADER = YES;
				CLANG_WARN_RANGE_LOOP_ANALYSIS = YES;
				CLANG_WARN_STRICT_PROTOTYPES = YES;
				CLANG_WARN_SUSPICIOUS_MOVE = YES;
				CLANG_WARN_UNGUARDED_AVAILABILITY = YES_AGGRESSIVE;
				CLANG_WARN_UNREACHABLE_CODE = YES;
				CLANG_WARN__DUPLICATE_METHOD_MATCH = YES;
				COPY_PHASE_STRIP = NO;
				DEBUG_INFORMATION_FORMAT = "dwarf-with-dsym";
				ENABLE_NS_ASSERTIONS = NO;
				ENABLE_STRICT_OBJC_MSGSEND = YES;
				GCC_C_LANGUAGE_STANDARD = gnu11;
				GCC_NO_COMMON_BLOCKS = YES;
				GCC_WARN_64_TO_32_BIT_CONVERSION = YES;
				GCC_WARN_ABOUT_RETURN_TYPE = YES_ERROR;
				GCC_WARN_UNDECLARED_SELECTOR = YES;
				GCC_WARN_UNINITIALIZED_AUTOS = YES_AGGRESSIVE;
				GCC_WARN_UNUSED_FUNCTION = YES;
				GCC_WARN_UNUSED_VARIABLE = YES;
				IPHONEOS_DEPLOYMENT_TARGET = 15.0;
				MTL_ENABLE_DEBUG_INFO = NO;
				MTL_FAST_MATH = YES;
				SDKROOT = iphoneos;
				SWIFT_COMPILATION_MODE = wholemodule;
				SWIFT_OPTIMIZATION_LEVEL = "-O";
				VALIDATE_PRODUCT = YES;
			};
			name = Release;
		};
		6BA4A3B02866DADB003D281D /* Debug */ = {
			isa = XCBuildConfiguration;
			buildSettings = {
				ASSETCATALOG_COMPILER_APPICON_NAME = AppIcon;
				ASSETCATALOG_COMPILER_GLOBAL_ACCENT_COLOR_NAME = AccentColor;
				CODE_SIGN_STYLE = Automatic;
				CURRENT_PROJECT_VERSION = 1;
				DEVELOPMENT_ASSET_PATHS = "\"HelloSwiftUI/Preview Content\"";
				ENABLE_PREVIEWS = YES;
				GENERATE_INFOPLIST_FILE = YES;
				INFOPLIST_KEY_UIApplicationSceneManifest_Generation = YES;
				INFOPLIST_KEY_UIApplicationSupportsIndirectInputEvents = YES;
				INFOPLIST_KEY_UILaunchScreen_Generation = YES;
				INFOPLIST_KEY_UISupportedInterfaceOrientations_iPad = "UIInterfaceOrientationPortrait UIInterfaceOrientationPortraitUpsideDown UIInterfaceOrientationLandscapeLeft UIInterfaceOrientationLandscapeRight";
				INFOPLIST_KEY_UISupportedInterfaceOrientations_iPhone = "UIInterfaceOrientationPortrait UIInterfaceOrientationLandscapeLeft UIInterfaceOrientationLandscapeRight";
				LD_RUNPATH_SEARCH_PATHS = (
					"$(inherited)",
					"@executable_path/Frameworks",
				);
				MARKETING_VERSION = 1.0;
				PRODUCT_BUNDLE_IDENTIFIER = com.lnf.HelloSwiftUI;
				PRODUCT_NAME = "$(TARGET_NAME)";
				SWIFT_EMIT_LOC_STRINGS = YES;
				SWIFT_VERSION = 5.0;
				TARGETED_DEVICE_FAMILY = "1,2";
			};
			name = Debug;
		};
		6BA4A3B12866DADB003D281D /* Release */ = {
			isa = XCBuildConfiguration;
			buildSettings = {
				ASSETCATALOG_COMPILER_APPICON_NAME = AppIcon;
				ASSETCATALOG_COMPILER_GLOBAL_ACCENT_COLOR_NAME = AccentColor;
				CODE_SIGN_STYLE = Automatic;
				CURRENT_PROJECT_VERSION = 1;
				DEVELOPMENT_ASSET_PATHS = "\"HelloSwiftUI/Preview Content\"";
				ENABLE_PREVIEWS = YES;
				GENERATE_INFOPLIST_FILE = YES;
				INFOPLIST_KEY_UIApplicationSceneManifest_Generation = YES;
				INFOPLIST_KEY_UIApplicationSupportsIndirectInputEvents = YES;
				INFOPLIST_KEY_UILaunchScreen_Generation = YES;
				INFOPLIST_KEY_UISupportedInterfaceOrientations_iPad = "UIInterfaceOrientationPortrait UIInterfaceOrientationPortraitUpsideDown UIInterfaceOrientationLandscapeLeft UIInterfaceOrientationLandscapeRight";
				INFOPLIST_KEY_UISupportedInterfaceOrientations_iPhone = "UIInterfaceOrientationPortrait UIInterfaceOrientationLandscapeLeft UIInterfaceOrientationLandscapeRight";
				LD_RUNPATH_SEARCH_PATHS = (
					"$(inherited)",
					"@executable_path/Frameworks",
				);
				MARKETING_VERSION = 1.0;
				PRODUCT_BUNDLE_IDENTIFIER = com.lnf.HelloSwiftUI;
				PRODUCT_NAME = "$(TARGET_NAME)";
				SWIFT_EMIT_LOC_STRINGS = YES;
				SWIFT_VERSION = 5.0;
				TARGETED_DEVICE_FAMILY = "1,2";
			};
			name = Release;
		};
		6BA4A3B32866DADB003D281D /* Debug */ = {
			isa = XCBuildConfiguration;
			buildSettings = {
				ALWAYS_EMBED_SWIFT_STANDARD_LIBRARIES = YES;
				BUNDLE_LOADER = "$(TEST_HOST)";
				CODE_SIGN_STYLE = Automatic;
				CURRENT_PROJECT_VERSION = 1;
				GENERATE_INFOPLIST_FILE = YES;
				IPHONEOS_DEPLOYMENT_TARGET = 15.0;
				LD_RUNPATH_SEARCH_PATHS = (
					"$(inherited)",
					"@executable_path/Frameworks",
					"@loader_path/Frameworks",
				);
				MARKETING_VERSION = 1.0;
				PRODUCT_BUNDLE_IDENTIFIER = com.lnf.HelloSwiftUITests;
				PRODUCT_NAME = "$(TARGET_NAME)";
				SWIFT_EMIT_LOC_STRINGS = NO;
				SWIFT_VERSION = 5.0;
				TARGETED_DEVICE_FAMILY = "1,2";
				TEST_HOST = "$(BUILT_PRODUCTS_DIR)/HelloSwiftUI.app/HelloSwiftUI";
			};
			name = Debug;
		};
		6BA4A3B42866DADB003D281D /* Release */ = {
			isa = XCBuildConfiguration;
			buildSettings = {
				ALWAYS_EMBED_SWIFT_STANDARD_LIBRARIES = YES;
				BUNDLE_LOADER = "$(TEST_HOST)";
				CODE_SIGN_STYLE = Automatic;
				CURRENT_PROJECT_VERSION = 1;
				GENERATE_INFOPLIST_FILE = YES;
				IPHONEOS_DEPLOYMENT_TARGET = 15.0;
				LD_RUNPATH_SEARCH_PATHS = (
					"$(inherited)",
					"@executable_path/Frameworks",
					"@loader_path/Frameworks",
				);
				MARKETING_VERSION = 1.0;
				PRODUCT_BUNDLE_IDENTIFIER = com.lnf.HelloSwiftUITests;
				PRODUCT_NAME = "$(TARGET_NAME)";
				SWIFT_EMIT_LOC_STRINGS = NO;
				SWIFT_VERSION = 5.0;
				TARGETED_DEVICE_FAMILY = "1,2";
				TEST_HOST = "$(BUILT_PRODUCTS_DIR)/HelloSwiftUI.app/HelloSwiftUI";
			};
			name = Release;
		};
		6BA4A3B62866DADB003D281D /* Debug */ = {
			isa = XCBuildConfiguration;
			buildSettings = {
				ALWAYS_EMBED_SWIFT_STANDARD_LIBRARIES = YES;
				CODE_SIGN_STYLE = Automatic;
				CURRENT_PROJECT_VERSION = 1;
				GENERATE_INFOPLIST_FILE = YES;
				LD_RUNPATH_SEARCH_PATHS = (
					"$(inherited)",
					"@executable_path/Frameworks",
					"@loader_path/Frameworks",
				);
				MARKETING_VERSION = 1.0;
				PRODUCT_BUNDLE_IDENTIFIER = com.lnf.HelloSwiftUIUITests;
				PRODUCT_NAME = "$(TARGET_NAME)";
				SWIFT_EMIT_LOC_STRINGS = NO;
				SWIFT_VERSION = 5.0;
				TARGETED_DEVICE_FAMILY = "1,2";
				TEST_TARGET_NAME = HelloSwiftUI;
			};
			name = Debug;
		};
		6BA4A3B72866DADB003D281D /* Release */ = {
			isa = XCBuildConfiguration;
			buildSettings = {
				ALWAYS_EMBED_SWIFT_STANDARD_LIBRARIES = YES;
				CODE_SIGN_STYLE = Automatic;
				CURRENT_PROJECT_VERSION = 1;
				GENERATE_INFOPLIST_FILE = YES;
				LD_RUNPATH_SEARCH_PATHS = (
					"$(inherited)",
					"@executable_path/Frameworks",
					"@loader_path/Frameworks",
				);
				MARKETING_VERSION = 1.0;
				PRODUCT_BUNDLE_IDENTIFIER = com.lnf.HelloSwiftUIUITests;
				PRODUCT_NAME = "$(TARGET_NAME)";
				SWIFT_EMIT_LOC_STRINGS = NO;
				SWIFT_VERSION = 5.0;
				TARGETED_DEVICE_FAMILY = "1,2";
				TEST_TARGET_NAME = HelloSwiftUI;
			};
			name = Release;
		};
/* End XCBuildConfiguration section */

/* Begin XCConfigurationList section */
		6BA4A3862866DADA003D281D /* Build configuration list for PBXProject "HelloSwiftUI" */ = {
			isa = XCConfigurationList;
			buildConfigurations = (
				6BA4A3AD2866DADB003D281D /* Debug */,
				6BA4A3AE2866DADB003D281D /* Release */,
			);
			defaultConfigurationIsVisible = 0;
			defaultConfigurationName = Release;
		};
		6BA4A3AF2866DADB003D281D /* Build configuration list for PBXNativeTarget "HelloSwiftUI" */ = {
			isa = XCConfigurationList;
			buildConfigurations = (
				6BA4A3B02866DADB003D281D /* Debug */,
				6BA4A3B12866DADB003D281D /* Release */,
			);
			defaultConfigurationIsVisible = 0;
			defaultConfigurationName = Release;
		};
		6BA4A3B22866DADB003D281D /* Build configuration list for PBXNativeTarget "HelloSwiftUITests" */ = {
			isa = XCConfigurationList;
			buildConfigurations = (
				6BA4A3B32866DADB003D281D /* Debug */,
				6BA4A3B42866DADB003D281D /* Release */,
			);
			defaultConfigurationIsVisible = 0;
			defaultConfigurationName = Release;
		};
		6BA4A3B52866DADB003D281D /* Build configuration list for PBXNativeTarget "HelloSwiftUIUITests" */ = {
			isa = XCConfigurationList;
			buildConfigurations = (
				6BA4A3B62866DADB003D281D /* Debug */,
				6BA4A3B72866DADB003D281D /* Release */,
			);
			defaultConfigurationIsVisible = 0;
			defaultConfigurationName = Release;
		};
/* End XCConfigurationList section */
	};
	rootObject = 6BA4A3832866DADA003D281D /* Project object */;
}
